// !$*UTF8*$!
{
	archiveVersion = 1;
	classes = {
	};
	objectVersion = 46;
	objects = {

/* Begin PBXBuildFile section */
		C962F8541E1083E300D743AB /* xxHashTests in Resources */ = {isa = PBXBuildFile; fileRef = C962F8531E1083E300D743AB /* xxHashTests */; };
		C9C6E3791DECBC0C00329897 /* xxHash.framework in Frameworks */ = {isa = PBXBuildFile; fileRef = C9C6E36F1DECBC0B00329897 /* xxHash.framework */; };
		C9C6E3801DECBC0C00329897 /* swift-xxhash.h in Headers */ = {isa = PBXBuildFile; fileRef = C9C6E3721DECBC0B00329897 /* swift-xxhash.h */; settings = {ATTRIBUTES = (Public, ); }; };
		C9C6E38A1DECBC2D00329897 /* xxHash.swift in Sources */ = {isa = PBXBuildFile; fileRef = C9C6E3891DECBC2D00329897 /* xxHash.swift */; };
/* End PBXBuildFile section */

/* Begin PBXContainerItemProxy section */
		C9C6E37A1DECBC0C00329897 /* PBXContainerItemProxy */ = {
			isa = PBXContainerItemProxy;
			containerPortal = C9C6E3661DECBC0B00329897 /* Project object */;
			proxyType = 1;
			remoteGlobalIDString = C9C6E36E1DECBC0B00329897;
			remoteInfo = "swift-xxhash";
		};
/* End PBXContainerItemProxy section */

/* Begin PBXFileReference section */
		C962F8531E1083E300D743AB /* xxHashTests */ = {isa = PBXFileReference; lastKnownFileType = folder; path = xxHashTests; sourceTree = "<group>"; };
		C9C6E36F1DECBC0B00329897 /* xxHash.framework */ = {isa = PBXFileReference; explicitFileType = wrapper.framework; includeInIndex = 0; path = xxHash.framework; sourceTree = BUILT_PRODUCTS_DIR; };
		C9C6E3721DECBC0B00329897 /* swift-xxhash.h */ = {isa = PBXFileReference; lastKnownFileType = sourcecode.c.h; name = "swift-xxhash.h"; path = "Sources/xxHash/swift-xxhash.h"; sourceTree = SOURCE_ROOT; };
		C9C6E3731DECBC0B00329897 /* Info.plist */ = {isa = PBXFileReference; lastKnownFileType = text.plist.xml; name = Info.plist; path = Sources/xxHash/Info.plist; sourceTree = SOURCE_ROOT; };
		C9C6E3781DECBC0C00329897 /* xxHashTests.xctest */ = {isa = PBXFileReference; explicitFileType = wrapper.cfbundle; includeInIndex = 0; path = xxHashTests.xctest; sourceTree = BUILT_PRODUCTS_DIR; };
		C9C6E37F1DECBC0C00329897 /* Info.plist */ = {isa = PBXFileReference; lastKnownFileType = text.plist.xml; path = Info.plist; sourceTree = "<group>"; };
		C9C6E3891DECBC2D00329897 /* xxHash.swift */ = {isa = PBXFileReference; fileEncoding = 4; lastKnownFileType = sourcecode.swift; name = xxHash.swift; path = Sources/xxHash/xxHash.swift; sourceTree = SOURCE_ROOT; };
/* End PBXFileReference section */

/* Begin PBXFrameworksBuildPhase section */
		C9C6E36B1DECBC0B00329897 /* Frameworks */ = {
			isa = PBXFrameworksBuildPhase;
			buildActionMask = 2147483647;
			files = (
			);
			runOnlyForDeploymentPostprocessing = 0;
		};
		C9C6E3751DECBC0C00329897 /* Frameworks */ = {
			isa = PBXFrameworksBuildPhase;
			buildActionMask = 2147483647;
			files = (
				C9C6E3791DECBC0C00329897 /* xxHash.framework in Frameworks */,
			);
			runOnlyForDeploymentPostprocessing = 0;
		};
/* End PBXFrameworksBuildPhase section */

/* Begin PBXGroup section */
		C962F8501E107C6000D743AB /* xxHash */ = {
			isa = PBXGroup;
			children = (
				C9C6E3721DECBC0B00329897 /* swift-xxhash.h */,
				C9C6E3731DECBC0B00329897 /* Info.plist */,
				C9C6E3891DECBC2D00329897 /* xxHash.swift */,
			);
			name = xxHash;
			sourceTree = "<group>";
		};
		C9C6E3651DECBC0B00329897 = {
			isa = PBXGroup;
			children = (
				C9C6E3711DECBC0B00329897 /* Sources */,
				C9C6E37C1DECBC0C00329897 /* Tests */,
				C9C6E3701DECBC0B00329897 /* Products */,
			);
			sourceTree = "<group>";
		};
		C9C6E3701DECBC0B00329897 /* Products */ = {
			isa = PBXGroup;
			children = (
				C9C6E36F1DECBC0B00329897 /* xxHash.framework */,
				C9C6E3781DECBC0C00329897 /* xxHashTests.xctest */,
			);
			name = Products;
			sourceTree = "<group>";
		};
		C9C6E3711DECBC0B00329897 /* Sources */ = {
			isa = PBXGroup;
			children = (
				C962F8501E107C6000D743AB /* xxHash */,
			);
			name = Sources;
			path = "swift-xxhash";
			sourceTree = "<group>";
		};
		C9C6E37C1DECBC0C00329897 /* Tests */ = {
			isa = PBXGroup;
			children = (
				C962F8531E1083E300D743AB /* xxHashTests */,
				C9C6E37F1DECBC0C00329897 /* Info.plist */,
			);
			path = Tests;
			sourceTree = "<group>";
		};
/* End PBXGroup section */

/* Begin PBXHeadersBuildPhase section */
		C9C6E36C1DECBC0B00329897 /* Headers */ = {
			isa = PBXHeadersBuildPhase;
			buildActionMask = 2147483647;
			files = (
				C9C6E3801DECBC0C00329897 /* swift-xxhash.h in Headers */,
			);
			runOnlyForDeploymentPostprocessing = 0;
		};
/* End PBXHeadersBuildPhase section */

/* Begin PBXNativeTarget section */
		C9C6E36E1DECBC0B00329897 /* xxHash */ = {
			isa = PBXNativeTarget;
			buildConfigurationList = C9C6E3831DECBC0C00329897 /* Build configuration list for PBXNativeTarget "xxHash" */;
			buildPhases = (
				C9C6E36A1DECBC0B00329897 /* Sources */,
				C9C6E36B1DECBC0B00329897 /* Frameworks */,
				C9C6E36C1DECBC0B00329897 /* Headers */,
				C9C6E36D1DECBC0B00329897 /* Resources */,
			);
			buildRules = (
			);
			dependencies = (
			);
			name = xxHash;
			productName = "swift-xxhash";
			productReference = C9C6E36F1DECBC0B00329897 /* xxHash.framework */;
			productType = "com.apple.product-type.framework";
		};
		C9C6E3771DECBC0C00329897 /* xxHashTests */ = {
			isa = PBXNativeTarget;
			buildConfigurationList = C9C6E3861DECBC0C00329897 /* Build configuration list for PBXNativeTarget "xxHashTests" */;
			buildPhases = (
				C9C6E3741DECBC0C00329897 /* Sources */,
				C9C6E3751DECBC0C00329897 /* Frameworks */,
				C9C6E3761DECBC0C00329897 /* Resources */,
			);
			buildRules = (
			);
			dependencies = (
				C9C6E37B1DECBC0C00329897 /* PBXTargetDependency */,
			);
			name = xxHashTests;
			productName = "swift-xxhashTests";
			productReference = C9C6E3781DECBC0C00329897 /* xxHashTests.xctest */;
			productType = "com.apple.product-type.bundle.unit-test";
		};
/* End PBXNativeTarget section */

/* Begin PBXProject section */
		C9C6E3661DECBC0B00329897 /* Project object */ = {
			isa = PBXProject;
			attributes = {
				LastSwiftUpdateCheck = 0810;
				LastUpgradeCheck = 0820;
				ORGANIZATIONNAME = haveahennessy;
				TargetAttributes = {
					C9C6E36E1DECBC0B00329897 = {
						CreatedOnToolsVersion = 8.1;
						LastSwiftMigration = 0810;
						ProvisioningStyle = Automatic;
					};
					C9C6E3771DECBC0C00329897 = {
						CreatedOnToolsVersion = 8.1;
						ProvisioningStyle = Automatic;
					};
				};
			};
			buildConfigurationList = C9C6E3691DECBC0B00329897 /* Build configuration list for PBXProject "swift-xxhash" */;
			compatibilityVersion = "Xcode 3.2";
			developmentRegion = English;
			hasScannedForEncodings = 0;
			knownRegions = (
				en,
			);
			mainGroup = C9C6E3651DECBC0B00329897;
			productRefGroup = C9C6E3701DECBC0B00329897 /* Products */;
			projectDirPath = "";
			projectRoot = "";
			targets = (
				C9C6E36E1DECBC0B00329897 /* xxHash */,
				C9C6E3771DECBC0C00329897 /* xxHashTests */,
			);
		};
/* End PBXProject section */

/* Begin PBXResourcesBuildPhase section */
		C9C6E36D1DECBC0B00329897 /* Resources */ = {
			isa = PBXResourcesBuildPhase;
			buildActionMask = 2147483647;
			files = (
				C962F8541E1083E300D743AB /* xxHashTests in Resources */,
			);
			runOnlyForDeploymentPostprocessing = 0;
		};
		C9C6E3761DECBC0C00329897 /* Resources */ = {
			isa = PBXResourcesBuildPhase;
			buildActionMask = 2147483647;
			files = (
			);
			runOnlyForDeploymentPostprocessing = 0;
		};
/* End PBXResourcesBuildPhase section */

/* Begin PBXSourcesBuildPhase section */
		C9C6E36A1DECBC0B00329897 /* Sources */ = {
			isa = PBXSourcesBuildPhase;
			buildActionMask = 2147483647;
			files = (
				C9C6E38A1DECBC2D00329897 /* xxHash.swift in Sources */,
			);
			runOnlyForDeploymentPostprocessing = 0;
		};
		C9C6E3741DECBC0C00329897 /* Sources */ = {
			isa = PBXSourcesBuildPhase;
			buildActionMask = 2147483647;
			files = (
			);
			runOnlyForDeploymentPostprocessing = 0;
		};
/* End PBXSourcesBuildPhase section */

/* Begin PBXTargetDependency section */
		C9C6E37B1DECBC0C00329897 /* PBXTargetDependency */ = {
			isa = PBXTargetDependency;
			target = C9C6E36E1DECBC0B00329897 /* xxHash */;
			targetProxy = C9C6E37A1DECBC0C00329897 /* PBXContainerItemProxy */;
		};
/* End PBXTargetDependency section */

/* Begin XCBuildConfiguration section */
		C9C6E3811DECBC0C00329897 /* Debug */ = {
			isa = XCBuildConfiguration;
			buildSettings = {
				ALWAYS_SEARCH_USER_PATHS = NO;
				CLANG_ANALYZER_NONNULL = YES;
				CLANG_CXX_LANGUAGE_STANDARD = "gnu++0x";
				CLANG_CXX_LIBRARY = "libc++";
				CLANG_ENABLE_MODULES = YES;
				CLANG_ENABLE_OBJC_ARC = YES;
				CLANG_WARN_BOOL_CONVERSION = YES;
				CLANG_WARN_CONSTANT_CONVERSION = YES;
				CLANG_WARN_DIRECT_OBJC_ISA_USAGE = YES_ERROR;
				CLANG_WARN_DOCUMENTATION_COMMENTS = YES;
				CLANG_WARN_EMPTY_BODY = YES;
				CLANG_WARN_ENUM_CONVERSION = YES;
				CLANG_WARN_INFINITE_RECURSION = YES;
				CLANG_WARN_INT_CONVERSION = YES;
				CLANG_WARN_OBJC_ROOT_CLASS = YES_ERROR;
				CLANG_WARN_SUSPICIOUS_MOVE = YES;
				CLANG_WARN_SUSPICIOUS_MOVES = YES;
				CLANG_WARN_UNREACHABLE_CODE = YES;
				CLANG_WARN__DUPLICATE_METHOD_MATCH = YES;
				CODE_SIGN_IDENTITY = "-";
				COPY_PHASE_STRIP = NO;
				CURRENT_PROJECT_VERSION = 1;
				DEBUG_INFORMATION_FORMAT = dwarf;
				ENABLE_STRICT_OBJC_MSGSEND = YES;
				ENABLE_TESTABILITY = YES;
				GCC_C_LANGUAGE_STANDARD = gnu99;
				GCC_DYNAMIC_NO_PIC = NO;
				GCC_NO_COMMON_BLOCKS = YES;
				GCC_OPTIMIZATION_LEVEL = 0;
				GCC_PREPROCESSOR_DEFINITIONS = (
					"DEBUG=1",
					"$(inherited)",
				);
				GCC_WARN_64_TO_32_BIT_CONVERSION = YES;
				GCC_WARN_ABOUT_RETURN_TYPE = YES_ERROR;
				GCC_WARN_UNDECLARED_SELECTOR = YES;
				GCC_WARN_UNINITIALIZED_AUTOS = YES_AGGRESSIVE;
				GCC_WARN_UNUSED_FUNCTION = YES;
				GCC_WARN_UNUSED_VARIABLE = YES;
				MACOSX_DEPLOYMENT_TARGET = 10.11;
				MTL_ENABLE_DEBUG_INFO = YES;
				ONLY_ACTIVE_ARCH = YES;
				SDKROOT = macosx;
				SWIFT_ACTIVE_COMPILATION_CONDITIONS = DEBUG;
				SWIFT_OPTIMIZATION_LEVEL = "-Onone";
				VERSIONING_SYSTEM = "apple-generic";
				VERSION_INFO_PREFIX = "";
			};
			name = Debug;
		};
		C9C6E3821DECBC0C00329897 /* Release */ = {
			isa = XCBuildConfiguration;
			buildSettings = {
				ALWAYS_SEARCH_USER_PATHS = NO;
				CLANG_ANALYZER_NONNULL = YES;
				CLANG_CXX_LANGUAGE_STANDARD = "gnu++0x";
				CLANG_CXX_LIBRARY = "libc++";
				CLANG_ENABLE_MODULES = YES;
				CLANG_ENABLE_OBJC_ARC = YES;
				CLANG_WARN_BOOL_CONVERSION = YES;
				CLANG_WARN_CONSTANT_CONVERSION = YES;
				CLANG_WARN_DIRECT_OBJC_ISA_USAGE = YES_ERROR;
				CLANG_WARN_DOCUMENTATION_COMMENTS = YES;
				CLANG_WARN_EMPTY_BODY = YES;
				CLANG_WARN_ENUM_CONVERSION = YES;
				CLANG_WARN_INFINITE_RECURSION = YES;
				CLANG_WARN_INT_CONVERSION = YES;
				CLANG_WARN_OBJC_ROOT_CLASS = YES_ERROR;
				CLANG_WARN_SUSPICIOUS_MOVE = YES;
				CLANG_WARN_SUSPICIOUS_MOVES = YES;
				CLANG_WARN_UNREACHABLE_CODE = YES;
				CLANG_WARN__DUPLICATE_METHOD_MATCH = YES;
				CODE_SIGN_IDENTITY = "-";
				COPY_PHASE_STRIP = NO;
				CURRENT_PROJECT_VERSION = 1;
				DEBUG_INFORMATION_FORMAT = "dwarf-with-dsym";
				ENABLE_NS_ASSERTIONS = NO;
				ENABLE_STRICT_OBJC_MSGSEND = YES;
				GCC_C_LANGUAGE_STANDARD = gnu99;
				GCC_NO_COMMON_BLOCKS = YES;
				GCC_WARN_64_TO_32_BIT_CONVERSION = YES;
				GCC_WARN_ABOUT_RETURN_TYPE = YES_ERROR;
				GCC_WARN_UNDECLARED_SELECTOR = YES;
				GCC_WARN_UNINITIALIZED_AUTOS = YES_AGGRESSIVE;
				GCC_WARN_UNUSED_FUNCTION = YES;
				GCC_WARN_UNUSED_VARIABLE = YES;
				MACOSX_DEPLOYMENT_TARGET = 10.11;
				MTL_ENABLE_DEBUG_INFO = NO;
				SDKROOT = macosx;
				SWIFT_OPTIMIZATION_LEVEL = "-Owholemodule";
				VERSIONING_SYSTEM = "apple-generic";
				VERSION_INFO_PREFIX = "";
			};
			name = Release;
		};
		C9C6E3841DECBC0C00329897 /* Debug */ = {
			isa = XCBuildConfiguration;
			buildSettings = {
				CLANG_ENABLE_MODULES = YES;
				CODE_SIGN_IDENTITY = "";
				COMBINE_HIDPI_IMAGES = YES;
				DEFINES_MODULE = YES;
				DYLIB_COMPATIBILITY_VERSION = 1;
				DYLIB_CURRENT_VERSION = 1;
				DYLIB_INSTALL_NAME_BASE = "@rpath";
				FRAMEWORK_VERSION = A;
				INFOPLIST_FILE = "$(SRCROOT)/Sources/xxHash/Info.plist";
				INSTALL_PATH = "$(LOCAL_LIBRARY_DIR)/Frameworks";
				LD_RUNPATH_SEARCH_PATHS = "$(inherited) @executable_path/../Frameworks @loader_path/Frameworks";
				PRODUCT_BUNDLE_IDENTIFIER = "com.haveahennessy.swift-xxhash";
				PRODUCT_NAME = "$(TARGET_NAME)";
				SKIP_INSTALL = YES;
				SWIFT_OPTIMIZATION_LEVEL = "-Onone";
				SWIFT_VERSION = 3.0;
			};
			name = Debug;
		};
		C9C6E3851DECBC0C00329897 /* Release */ = {
			isa = XCBuildConfiguration;
			buildSettings = {
				CLANG_ENABLE_MODULES = YES;
				CODE_SIGN_IDENTITY = "";
				COMBINE_HIDPI_IMAGES = YES;
				DEFINES_MODULE = YES;
				DYLIB_COMPATIBILITY_VERSION = 1;
				DYLIB_CURRENT_VERSION = 1;
				DYLIB_INSTALL_NAME_BASE = "@rpath";
				FRAMEWORK_VERSION = A;
				INFOPLIST_FILE = "$(SRCROOT)/Sources/xxHash/Info.plist";
				INSTALL_PATH = "$(LOCAL_LIBRARY_DIR)/Frameworks";
				LD_RUNPATH_SEARCH_PATHS = "$(inherited) @executable_path/../Frameworks @loader_path/Frameworks";
				PRODUCT_BUNDLE_IDENTIFIER = "com.haveahennessy.swift-xxhash";
				PRODUCT_NAME = "$(TARGET_NAME)";
				SKIP_INSTALL = YES;
				SWIFT_VERSION = 3.0;
			};
			name = Release;
		};
		C9C6E3871DECBC0C00329897 /* Debug */ = {
			isa = XCBuildConfiguration;
			buildSettings = {
				ALWAYS_EMBED_SWIFT_STANDARD_LIBRARIES = YES;
				COMBINE_HIDPI_IMAGES = YES;
				INFOPLIST_FILE = "swift-xxhashTests/Info.plist";
				LD_RUNPATH_SEARCH_PATHS = "$(inherited) @executable_path/../Frameworks @loader_path/../Frameworks";
				PRODUCT_BUNDLE_IDENTIFIER = "com.haveahennessy.swift-xxhashTests";
				PRODUCT_NAME = "$(TARGET_NAME)";
				SWIFT_VERSION = 3.0;
			};
			name = Debug;
		};
		C9C6E3881DECBC0C00329897 /* Release */ = {
			isa = XCBuildConfiguration;
			buildSettings = {
				ALWAYS_EMBED_SWIFT_STANDARD_LIBRARIES = YES;
				COMBINE_HIDPI_IMAGES = YES;
				INFOPLIST_FILE = "swift-xxhashTests/Info.plist";
				LD_RUNPATH_SEARCH_PATHS = "$(inherited) @executable_path/../Frameworks @loader_path/../Frameworks";
				PRODUCT_BUNDLE_IDENTIFIER = "com.haveahennessy.swift-xxhashTests";
				PRODUCT_NAME = "$(TARGET_NAME)";
				SWIFT_VERSION = 3.0;
			};
			name = Release;
		};
/* End XCBuildConfiguration section */

/* Begin XCConfigurationList section */
		C9C6E3691DECBC0B00329897 /* Build configuration list for PBXProject "swift-xxhash" */ = {
			isa = XCConfigurationList;
			buildConfigurations = (
				C9C6E3811DECBC0C00329897 /* Debug */,
				C9C6E3821DECBC0C00329897 /* Release */,
			);
			defaultConfigurationIsVisible = 0;
			defaultConfigurationName = Release;
		};
		C9C6E3831DECBC0C00329897 /* Build configuration list for PBXNativeTarget "xxHash" */ = {
			isa = XCConfigurationList;
			buildConfigurations = (
				C9C6E3841DECBC0C00329897 /* Debug */,
				C9C6E3851DECBC0C00329897 /* Release */,
			);
			defaultConfigurationIsVisible = 0;
			defaultConfigurationName = Release;
		};
		C9C6E3861DECBC0C00329897 /* Build configuration list for PBXNativeTarget "xxHashTests" */ = {
			isa = XCConfigurationList;
			buildConfigurations = (
				C9C6E3871DECBC0C00329897 /* Debug */,
				C9C6E3881DECBC0C00329897 /* Release */,
			);
			defaultConfigurationIsVisible = 0;
			defaultConfigurationName = Release;
		};
/* End XCConfigurationList section */
	};
	rootObject = C9C6E3661DECBC0B00329897 /* Project object */;
}
